
Microsoft Visual Studio Solution File, Format Version 12.00
# Visual Studio Version 17
VisualStudioVersion = 17.1.32421.90
MinimumVisualStudioVersion = 10.0.40219.1
Project("{9A19103F-16F7-4668-BE54-9A1E7A4F7556}") = "RefactoringTestProblem1.Test", "RefactoringTestProblem1.Test\RefactoringTestProblem1.Test.csproj", "{8942D225-B417-4698-9097-135C75085843}"
EndProject
Project("{FAE04EC0-301F-11D3-BF4B-00C04F79EFBC}") = "RefactoringTestProblem1.Refactoring", "RefactoringTestProblem1.Refactoring\RefactoringTestProblem1.Refactoring.csproj", "{641FED3A-A3C4-4EFA-B2B8-EC3F4E9F7CF4}"
EndProject
Global
	GlobalSection(SolutionConfigurationPlatforms) = preSolution
		Debug|Any CPU = Debug|Any CPU
		Release|Any CPU = Release|Any CPU
	EndGlobalSection
	GlobalSection(ProjectConfigurationPlatforms) = postSolution
		{8942D225-B417-4698-9097-135C75085843}.Debug|Any CPU.ActiveCfg = Debug|Any CPU
		{8942D225-B417-4698-9097-135C75085843}.Debug|Any CPU.Build.0 = Debug|Any CPU
		{8942D225-B417-4698-9097-135C75085843}.Release|Any CPU.ActiveCfg = Release|Any CPU
		{8942D225-B417-4698-9097-135C75085843}.Release|Any CPU.Build.0 = Release|Any CPU
		{641FED3A-A3C4-4EFA-B2B8-EC3F4E9F7CF4}.Debug|Any CPU.ActiveCfg = Debug|Any CPU
		{641FED3A-A3C4-4EFA-B2B8-EC3F4E9F7CF4}.Debug|Any CPU.Build.0 = Debug|Any CPU
		{641FED3A-A3C4-4EFA-B2B8-EC3F4E9F7CF4}.Release|Any CPU.ActiveCfg = Release|Any CPU
		{641FED3A-A3C4-4EFA-B2B8-EC3F4E9F7CF4}.Release|Any CPU.Build.0 = Release|Any CPU
	EndGlobalSection
	GlobalSection(SolutionProperties) = preSolution
		HideSolutionNode = FALSE
	EndGlobalSection
	GlobalSection(ExtensibilityGlobals) = postSolution
		SolutionGuid = {01E8695D-9308-4024-A6F3-6CD33969EE7D}
	EndGlobalSection
EndGlobal
